# THIS IS AN AUTOGENERATED FILE. DO NOT EDIT THIS FILE DIRECTLY.
# yarn lockfile v1


ansi-colors@^3.2.1:
  version "3.2.1"
  resolved "https://registry.yarnpkg.com/ansi-colors/-/ansi-colors-3.2.1.tgz#9638047e4213f3428a11944a7d4b31cba0a3ff95"
  integrity sha512-Xt+zb6nqgvV9SWAVp0EG3lRsHcbq5DDgqjPPz6pwgtj6RKz65zGXMNa82oJfOSBA/to6GmRP7Dr+6o+kbApTzQ==

debug@^4.0.1, debug@^4.1.0:
  version "4.1.0"
  resolved "https://registry.yarnpkg.com/debug/-/debug-4.1.0.tgz#373687bffa678b38b1cd91f861b63850035ddc87"
  integrity sha512-heNPJUJIqC+xB6ayLAMHaIrmN9HKa7aQO8MGqKpvCA+uJYVcvR6l5kgdrhRuwPFHU7P5/A1w0BjByPHwpfTDKg==
  dependencies:
    ms "^2.1.1"

dotenv@^6.1.0:
  version "6.1.0"
  resolved "https://registry.yarnpkg.com/dotenv/-/dotenv-6.1.0.tgz#9853b6ca98292acb7dec67a95018fa40bccff42c"
  integrity sha512-/veDn2ztgRlB7gKmE3i9f6CmDIyXAy6d5nBq+whO9SLX+Zs1sXEgFLPi+aSuWqUuusMfbi84fT8j34fs1HaYUw==

enquirer@^2.0.7:
  version "2.3.1"
  resolved "https://registry.yarnpkg.com/enquirer/-/enquirer-2.3.1.tgz#f1bf52ea38470525f41412d723a62ba6868559c6"
  integrity sha512-7slmHsJY+mvnIrzD0Z0FfTFLmVJuIzRNCW72X9s35BshOoC+MI4jLJ8aPyAC/BelAirXBZB+Mu1wSqP0wpW4Kg==
  dependencies:
    ansi-colors "^3.2.1"

ms@^2.1.1:
  version "2.1.1"
  resolved "https://registry.yarnpkg.com/ms/-/ms-2.1.1.tgz#30a5864eb3ebb0a66f2ebe6d727af06a09d86e0a"
  integrity sha512-tgp+dl5cGk28utYktBsrFqA7HKgrhgPsg6Z/EfhWI4gl1Hwq8B/GmY/0oXZ6nF8hDVesS/FpnYaD/kOWhYQvyg==

prettier@^1.15.2:
  version "1.15.2"
  resolved "https://registry.yarnpkg.com/prettier/-/prettier-1.15.2.tgz#d31abe22afa4351efa14c7f8b94b58bb7452205e"
  integrity sha512-YgPLFFA0CdKL4Eg2IHtUSjzj/BWgszDHiNQAe0VAIBse34148whfdzLagRL+QiKS+YfK5ftB6X4v/MBw8yCoug==

simple-git@^1.107.0:
  version "1.107.0"
  resolved "https://registry.yarnpkg.com/simple-git/-/simple-git-1.107.0.tgz#12cffaf261c14d6f450f7fdb86c21ccee968b383"
  integrity sha512-t4OK1JRlp4ayKRfcW6owrWcRVLyHRUlhGd0uN6ZZTqfDq8a5XpcUdOKiGRNobHEuMtNqzp0vcJNvhYWwh5PsQA==
  dependencies:
    debug "^4.0.1"

untildify@^3.0.3:
  version "3.0.3"
  resolved "https://registry.yarnpkg.com/untildify/-/untildify-3.0.3.tgz#1e7b42b140bcfd922b22e70ca1265bfe3634c7c9"
  integrity sha512-iSk/J8efr8uPT/Z4eSUywnqyrQU7DSdMfdqK4iWEaUVVmcP5JcnpRqmVMwcwcnmI1ATFNgC5V90u09tBynNFKA==
